
Microsoft Visual Studio Solution File, Format Version 12.00
# Visual Studio Version 16
VisualStudioVersion = 16.0.31112.23
MinimumVisualStudioVersion = 10.0.40219.1
Project("{8BC9CEB8-8B4A-11D0-8D11-00A0C91BC942}") = "GetUserInfoByWxid", "通过WXID获取用户信息\GetUserInfoByWxid\GetUserInfoByWxid.vcxproj", "{D3F028B2-8855-4C21-A8A0-7BC707B1291D}"
EndProject
Project("{2150E333-8FDC-42A3-9474-1A3956D46DE8}") = "通过WXID获取用户信息", "通过WXID获取用户信息", "{43DDC931-F746-40D0-BB0D-072B63DB80F9}"
EndProject
Project("{2150E333-8FDC-42A3-9474-1A3956D46DE8}") = "获取个人信息", "获取个人信息", "{47D71648-FBF3-4640-867A-CAC014438C9F}"
EndProject
Project("{8BC9CEB8-8B4A-11D0-8D11-00A0C91BC942}") = "GetUserInfo", "获取个人信息\GetUserInfo\GetUserInfo.vcxproj", "{FAA9915C-DAB2-4F86-9067-082FBBA54F4A}"
EndProject
Project("{2150E333-8FDC-42A3-9474-1A3956D46DE8}") = "获取微信消息", "获取微信消息", "{B5A51DC1-B461-4EDD-BC8C-50BC64FAE7C7}"
EndProject
Project("{2150E333-8FDC-42A3-9474-1A3956D46DE8}") = "发送文本消息", "发送文本消息", "{AAF28718-69E8-4309-A21E-898A900EEE96}"
EndProject
Project("{2150E333-8FDC-42A3-9474-1A3956D46DE8}") = "群@", "群@", "{7F600F44-37E5-40EB-8DCA-0C650FD755AD}"
EndProject
Project("{8BC9CEB8-8B4A-11D0-8D11-00A0C91BC942}") = "SendTextMessage", "发送文本消息\SendTextMessage\SendTextMessage.vcxproj", "{A287B7B7-705C-4C26-8631-99691C38B501}"
EndProject
Project("{8BC9CEB8-8B4A-11D0-8D11-00A0C91BC942}") = "GetWeChatMessage", "获取微信消息\GetWeChatMessage\GetWeChatMessage.vcxproj", "{75E1940F-A4A0-4F9F-B881-10059356CB0E}"
EndProject
Project("{8BC9CEB8-8B4A-11D0-8D11-00A0C91BC942}") = "GetMemberList", "遍历通讯录\GetMemberList\GetMemberList.vcxproj", "{5BCCD9F2-EEEB-416E-84CC-8ED42DF85D27}"
EndProject
Project("{2150E333-8FDC-42A3-9474-1A3956D46DE8}") = "遍历通讯录", "遍历通讯录", "{6A84B0DB-A8A8-4F76-BADC-BF9DC35EA897}"
EndProject
Project("{8BC9CEB8-8B4A-11D0-8D11-00A0C91BC942}") = "SentGroupAtMessage", "群@\SentGroupAtMessage\SentGroupAtMessage.vcxproj", "{520B50E7-0140-4186-B1A6-44CDB336B95F}"
EndProject
Project("{2150E333-8FDC-42A3-9474-1A3956D46DE8}") = "通过群ID获取群信息", "通过群ID获取群信息", "{8EDCCEF5-74A2-4156-A60D-6DA4DDCBCBBD}"
EndProject
Project("{2150E333-8FDC-42A3-9474-1A3956D46DE8}") = "地狱微信工具", "地狱微信工具", "{DBDF6BE3-010A-4554-A973-FD12A968964C}"
EndProject
Project("{2150E333-8FDC-42A3-9474-1A3956D46DE8}") = "发送名片", "发送名片", "{2C7B43B8-BAA9-459E-8E38-76C1386B3E1D}"
EndProject
Project("{2150E333-8FDC-42A3-9474-1A3956D46DE8}") = "发送小程序", "发送小程序", "{C5F9E892-CEAB-4827-BF9A-BD0C4606B6E7}"
EndProject
Project("{2150E333-8FDC-42A3-9474-1A3956D46DE8}") = "发送图片", "发送图片", "{1A98A05F-23F1-457B-A43D-8B5243AF3EE7}"
EndProject
Project("{8BC9CEB8-8B4A-11D0-8D11-00A0C91BC942}") = "HWeChatTools", "地狱微信工具\HWeChatTools\HWeChatTools.vcxproj", "{81BA715F-6CBE-4845-BE7B-F99808C96086}"
EndProject
Project("{8BC9CEB8-8B4A-11D0-8D11-00A0C91BC942}") = "GetGroupInfoByGroupid", "通过群ID获取群信息\GetGroupInfoByGroupid\GetGroupInfoByGroupid.vcxproj", "{C10020C7-B5E8-40FE-A676-AAC7E224BB63}"
EndProject
Project("{8BC9CEB8-8B4A-11D0-8D11-00A0C91BC942}") = "SendMini", "发送小程序\SendMini\SendMini.vcxproj", "{82E19DEA-EDD2-4DE3-AAC0-C24DD92C965E}"
EndProject
Project("{8BC9CEB8-8B4A-11D0-8D11-00A0C91BC942}") = "SendPic", "发送图片\SendPic\SendPic.vcxproj", "{42DF1F7C-63D8-4CE9-972A-5FE7CD0226DE}"
EndProject
Global
	GlobalSection(SolutionConfigurationPlatforms) = preSolution
		Debug|x64 = Debug|x64
		Debug|x86 = Debug|x86
		Release|x64 = Release|x64
		Release|x86 = Release|x86
	EndGlobalSection
	GlobalSection(ProjectConfigurationPlatforms) = postSolution
		{D3F028B2-8855-4C21-A8A0-7BC707B1291D}.Debug|x64.ActiveCfg = Debug|x64
		{D3F028B2-8855-4C21-A8A0-7BC707B1291D}.Debug|x64.Build.0 = Debug|x64
		{D3F028B2-8855-4C21-A8A0-7BC707B1291D}.Debug|x86.ActiveCfg = Debug|Win32
		{D3F028B2-8855-4C21-A8A0-7BC707B1291D}.Debug|x86.Build.0 = Debug|Win32
		{D3F028B2-8855-4C21-A8A0-7BC707B1291D}.Release|x64.ActiveCfg = Release|x64
		{D3F028B2-8855-4C21-A8A0-7BC707B1291D}.Release|x64.Build.0 = Release|x64
		{D3F028B2-8855-4C21-A8A0-7BC707B1291D}.Release|x86.ActiveCfg = Release|Win32
		{D3F028B2-8855-4C21-A8A0-7BC707B1291D}.Release|x86.Build.0 = Release|Win32
		{FAA9915C-DAB2-4F86-9067-082FBBA54F4A}.Debug|x64.ActiveCfg = Debug|x64
		{FAA9915C-DAB2-4F86-9067-082FBBA54F4A}.Debug|x64.Build.0 = Debug|x64
		{FAA9915C-DAB2-4F86-9067-082FBBA54F4A}.Debug|x86.ActiveCfg = Debug|Win32
		{FAA9915C-DAB2-4F86-9067-082FBBA54F4A}.Debug|x86.Build.0 = Debug|Win32
		{FAA9915C-DAB2-4F86-9067-082FBBA54F4A}.Release|x64.ActiveCfg = Release|x64
		{FAA9915C-DAB2-4F86-9067-082FBBA54F4A}.Release|x64.Build.0 = Release|x64
		{FAA9915C-DAB2-4F86-9067-082FBBA54F4A}.Release|x86.ActiveCfg = Release|Win32
		{FAA9915C-DAB2-4F86-9067-082FBBA54F4A}.Release|x86.Build.0 = Release|Win32
		{A287B7B7-705C-4C26-8631-99691C38B501}.Debug|x64.ActiveCfg = Debug|x64
		{A287B7B7-705C-4C26-8631-99691C38B501}.Debug|x64.Build.0 = Debug|x64
		{A287B7B7-705C-4C26-8631-99691C38B501}.Debug|x86.ActiveCfg = Debug|Win32
		{A287B7B7-705C-4C26-8631-99691C38B501}.Debug|x86.Build.0 = Debug|Win32
		{A287B7B7-705C-4C26-8631-99691C38B501}.Release|x64.ActiveCfg = Release|x64
		{A287B7B7-705C-4C26-8631-99691C38B501}.Release|x64.Build.0 = Release|x64
		{A287B7B7-705C-4C26-8631-99691C38B501}.Release|x86.ActiveCfg = Release|Win32
		{A287B7B7-705C-4C26-8631-99691C38B501}.Release|x86.Build.0 = Release|Win32
		{75E1940F-A4A0-4F9F-B881-10059356CB0E}.Debug|x64.ActiveCfg = Debug|x64
		{75E1940F-A4A0-4F9F-B881-10059356CB0E}.Debug|x64.Build.0 = Debug|x64
		{75E1940F-A4A0-4F9F-B881-10059356CB0E}.Debug|x86.ActiveCfg = Debug|Win32
		{75E1940F-A4A0-4F9F-B881-10059356CB0E}.Debug|x86.Build.0 = Debug|Win32
		{75E1940F-A4A0-4F9F-B881-10059356CB0E}.Release|x64.ActiveCfg = Release|x64
		{75E1940F-A4A0-4F9F-B881-10059356CB0E}.Release|x64.Build.0 = Release|x64
		{75E1940F-A4A0-4F9F-B881-10059356CB0E}.Release|x86.ActiveCfg = Release|Win32
		{75E1940F-A4A0-4F9F-B881-10059356CB0E}.Release|x86.Build.0 = Release|Win32
		{5BCCD9F2-EEEB-416E-84CC-8ED42DF85D27}.Debug|x64.ActiveCfg = Debug|x64
		{5BCCD9F2-EEEB-416E-84CC-8ED42DF85D27}.Debug|x64.Build.0 = Debug|x64
		{5BCCD9F2-EEEB-416E-84CC-8ED42DF85D27}.Debug|x86.ActiveCfg = Debug|Win32
		{5BCCD9F2-EEEB-416E-84CC-8ED42DF85D27}.Debug|x86.Build.0 = Debug|Win32
		{5BCCD9F2-EEEB-416E-84CC-8ED42DF85D27}.Release|x64.ActiveCfg = Release|x64
		{5BCCD9F2-EEEB-416E-84CC-8ED42DF85D27}.Release|x64.Build.0 = Release|x64
		{5BCCD9F2-EEEB-416E-84CC-8ED42DF85D27}.Release|x86.ActiveCfg = Release|Win32
		{5BCCD9F2-EEEB-416E-84CC-8ED42DF85D27}.Release|x86.Build.0 = Release|Win32
		{520B50E7-0140-4186-B1A6-44CDB336B95F}.Debug|x64.ActiveCfg = Debug|x64
		{520B50E7-0140-4186-B1A6-44CDB336B95F}.Debug|x64.Build.0 = Debug|x64
		{520B50E7-0140-4186-B1A6-44CDB336B95F}.Debug|x86.ActiveCfg = Debug|Win32
		{520B50E7-0140-4186-B1A6-44CDB336B95F}.Debug|x86.Build.0 = Debug|Win32
		{520B50E7-0140-4186-B1A6-44CDB336B95F}.Release|x64.ActiveCfg = Release|x64
		{520B50E7-0140-4186-B1A6-44CDB336B95F}.Release|x64.Build.0 = Release|x64
		{520B50E7-0140-4186-B1A6-44CDB336B95F}.Release|x86.ActiveCfg = Release|Win32
		{520B50E7-0140-4186-B1A6-44CDB336B95F}.Release|x86.Build.0 = Release|Win32
		{81BA715F-6CBE-4845-BE7B-F99808C96086}.Debug|x64.ActiveCfg = Debug|x64
		{81BA715F-6CBE-4845-BE7B-F99808C96086}.Debug|x64.Build.0 = Debug|x64
		{81BA715F-6CBE-4845-BE7B-F99808C96086}.Debug|x86.ActiveCfg = Debug|Win32
		{81BA715F-6CBE-4845-BE7B-F99808C96086}.Debug|x86.Build.0 = Debug|Win32
		{81BA715F-6CBE-4845-BE7B-F99808C96086}.Release|x64.ActiveCfg = Release|x64
		{81BA715F-6CBE-4845-BE7B-F99808C96086}.Release|x64.Build.0 = Release|x64
		{81BA715F-6CBE-4845-BE7B-F99808C96086}.Release|x86.ActiveCfg = Release|Win32
		{81BA715F-6CBE-4845-BE7B-F99808C96086}.Release|x86.Build.0 = Release|Win32
		{C10020C7-B5E8-40FE-A676-AAC7E224BB63}.Debug|x64.ActiveCfg = Debug|x64
		{C10020C7-B5E8-40FE-A676-AAC7E224BB63}.Debug|x64.Build.0 = Debug|x64
		{C10020C7-B5E8-40FE-A676-AAC7E224BB63}.Debug|x86.ActiveCfg = Debug|Win32
		{C10020C7-B5E8-40FE-A676-AAC7E224BB63}.Debug|x86.Build.0 = Debug|Win32
		{C10020C7-B5E8-40FE-A676-AAC7E224BB63}.Release|x64.ActiveCfg = Release|x64
		{C10020C7-B5E8-40FE-A676-AAC7E224BB63}.Release|x64.Build.0 = Release|x64
		{C10020C7-B5E8-40FE-A676-AAC7E224BB63}.Release|x86.ActiveCfg = Release|Win32
		{C10020C7-B5E8-40FE-A676-AAC7E224BB63}.Release|x86.Build.0 = Release|Win32
		{82E19DEA-EDD2-4DE3-AAC0-C24DD92C965E}.Debug|x64.ActiveCfg = Debug|x64
		{82E19DEA-EDD2-4DE3-AAC0-C24DD92C965E}.Debug|x64.Build.0 = Debug|x64
		{82E19DEA-EDD2-4DE3-AAC0-C24DD92C965E}.Debug|x86.ActiveCfg = Debug|Win32
		{82E19DEA-EDD2-4DE3-AAC0-C24DD92C965E}.Debug|x86.Build.0 = Debug|Win32
		{82E19DEA-EDD2-4DE3-AAC0-C24DD92C965E}.Release|x64.ActiveCfg = Release|x64
		{82E19DEA-EDD2-4DE3-AAC0-C24DD92C965E}.Release|x64.Build.0 = Release|x64
		{82E19DEA-EDD2-4DE3-AAC0-C24DD92C965E}.Release|x86.ActiveCfg = Release|Win32
		{82E19DEA-EDD2-4DE3-AAC0-C24DD92C965E}.Release|x86.Build.0 = Release|Win32
		{42DF1F7C-63D8-4CE9-972A-5FE7CD0226DE}.Debug|x64.ActiveCfg = Debug|x64
		{42DF1F7C-63D8-4CE9-972A-5FE7CD0226DE}.Debug|x64.Build.0 = Debug|x64
		{42DF1F7C-63D8-4CE9-972A-5FE7CD0226DE}.Debug|x86.ActiveCfg = Debug|Win32
		{42DF1F7C-63D8-4CE9-972A-5FE7CD0226DE}.Debug|x86.Build.0 = Debug|Win32
		{42DF1F7C-63D8-4CE9-972A-5FE7CD0226DE}.Release|x64.ActiveCfg = Release|x64
		{42DF1F7C-63D8-4CE9-972A-5FE7CD0226DE}.Release|x64.Build.0 = Release|x64
		{42DF1F7C-63D8-4CE9-972A-5FE7CD0226DE}.Release|x86.ActiveCfg = Release|Win32
		{42DF1F7C-63D8-4CE9-972A-5FE7CD0226DE}.Release|x86.Build.0 = Release|Win32
	EndGlobalSection
	GlobalSection(SolutionProperties) = preSolution
		HideSolutionNode = FALSE
	EndGlobalSection
	GlobalSection(NestedProjects) = preSolution
		{D3F028B2-8855-4C21-A8A0-7BC707B1291D} = {43DDC931-F746-40D0-BB0D-072B63DB80F9}
		{FAA9915C-DAB2-4F86-9067-082FBBA54F4A} = {47D71648-FBF3-4640-867A-CAC014438C9F}
		{A287B7B7-705C-4C26-8631-99691C38B501} = {AAF28718-69E8-4309-A21E-898A900EEE96}
		{75E1940F-A4A0-4F9F-B881-10059356CB0E} = {B5A51DC1-B461-4EDD-BC8C-50BC64FAE7C7}
		{5BCCD9F2-EEEB-416E-84CC-8ED42DF85D27} = {6A84B0DB-A8A8-4F76-BADC-BF9DC35EA897}
		{520B50E7-0140-4186-B1A6-44CDB336B95F} = {7F600F44-37E5-40EB-8DCA-0C650FD755AD}
		{81BA715F-6CBE-4845-BE7B-F99808C96086} = {DBDF6BE3-010A-4554-A973-FD12A968964C}
		{C10020C7-B5E8-40FE-A676-AAC7E224BB63} = {8EDCCEF5-74A2-4156-A60D-6DA4DDCBCBBD}
		{82E19DEA-EDD2-4DE3-AAC0-C24DD92C965E} = {C5F9E892-CEAB-4827-BF9A-BD0C4606B6E7}
		{42DF1F7C-63D8-4CE9-972A-5FE7CD0226DE} = {1A98A05F-23F1-457B-A43D-8B5243AF3EE7}
	EndGlobalSection
	GlobalSection(ExtensibilityGlobals) = postSolution
		SolutionGuid = {A0815913-03B6-4812-9A2D-8ED6A5823483}
	EndGlobalSection
EndGlobal
